# THIS IS AN AUTOGENERATED FILE. DO NOT EDIT THIS FILE DIRECTLY.
# yarn lockfile v1


asap@~2.0.3:
  version "2.0.5"
  resolved "https://registry.yarnpkg.com/asap/-/asap-2.0.5.tgz#522765b50c3510490e52d7dcfe085ef9ba96958f"

balanced-match@^0.4.1:
  version "0.4.2"
  resolved "https://registry.yarnpkg.com/balanced-match/-/balanced-match-0.4.2.tgz#cb3f3e3c732dc0f01ee70b403f302e61d7709838"

bowser@^1.6.0:
  version "1.6.1"
  resolved "https://registry.yarnpkg.com/bowser/-/bowser-1.6.1.tgz#9157e9498f456e937173a2918f3b2161e5353eb3"

brace-expansion@^1.1.7:
  version "1.1.7"
  resolved "https://registry.yarnpkg.com/brace-expansion/-/brace-expansion-1.1.7.tgz#3effc3c50e000531fb720eaff80f0ae8ef23cf59"
  dependencies:
    balanced-match "^0.4.1"
    concat-map "0.0.1"

classnames@^2.2.5:
  version "2.2.5"
  resolved "https://registry.yarnpkg.com/classnames/-/classnames-2.2.5.tgz#fb3801d453467649ef3603c7d61a02bd129bde6d"

codemirror@^5.18.2:
  version "5.25.2"
  resolved "https://registry.yarnpkg.com/codemirror/-/codemirror-5.25.2.tgz#8c77677ca9c9248d757d3a07ed1e89a8404850b7"

concat-map@0.0.1:
  version "0.0.1"
  resolved "https://registry.yarnpkg.com/concat-map/-/concat-map-0.0.1.tgz#d8a96bd77fd68df7793a73036a3ba0d5405d477b"

core-js@^1.0.0:
  version "1.2.7"
  resolved "https://registry.yarnpkg.com/core-js/-/core-js-1.2.7.tgz#652294c14651db28fa93bd2d5ff2983a4f08c636"

css-in-js-utils@^1.0.3:
  version "1.0.3"
  resolved "https://registry.yarnpkg.com/css-in-js-utils/-/css-in-js-utils-1.0.3.tgz#9ac7e02f763cf85d94017666565ed68a5b5f3215"
  dependencies:
    hyphenate-style-name "^1.0.2"

encoding@^0.1.11:
  version "0.1.12"
  resolved "https://registry.yarnpkg.com/encoding/-/encoding-0.1.12.tgz#538b66f3ee62cd1ab51ec323829d1f9480c74beb"
  dependencies:
    iconv-lite "~0.4.13"

fbjs@^0.8.9:
  version "0.8.12"
  resolved "https://registry.yarnpkg.com/fbjs/-/fbjs-0.8.12.tgz#10b5d92f76d45575fd63a217d4ea02bea2f8ed04"
  dependencies:
    core-js "^1.0.0"
    isomorphic-fetch "^2.1.1"
    loose-envify "^1.0.0"
    object-assign "^4.1.0"
    promise "^7.1.1"
    setimmediate "^1.0.5"
    ua-parser-js "^0.7.9"

fs.realpath@^1.0.0:
  version "1.0.0"
  resolved "https://registry.yarnpkg.com/fs.realpath/-/fs.realpath-1.0.0.tgz#1504ad2523158caa40db4a2787cb01411994ea4f"

fuzzaldrin-plus@^0.3.1:
  version "0.3.1"
  resolved "https://registry.yarnpkg.com/fuzzaldrin-plus/-/fuzzaldrin-plus-0.3.1.tgz#36c4e0501ad08cfa6ac83d0ddc8f8ef535b901b4"

glob@^7.1.1:
  version "7.1.1"
  resolved "https://registry.yarnpkg.com/glob/-/glob-7.1.1.tgz#805211df04faaf1c63a3600306cdf5ade50b2ec8"
  dependencies:
    fs.realpath "^1.0.0"
    inflight "^1.0.4"
    inherits "2"
    minimatch "^3.0.2"
    once "^1.3.0"
    path-is-absolute "^1.0.0"

hyphenate-style-name@^1.0.2:
  version "1.0.2"
  resolved "https://registry.yarnpkg.com/hyphenate-style-name/-/hyphenate-style-name-1.0.2.tgz#31160a36930adaf1fc04c6074f7eb41465d4ec4b"

iconv-lite@~0.4.13:
  version "0.4.15"
  resolved "https://registry.yarnpkg.com/iconv-lite/-/iconv-lite-0.4.15.tgz#fe265a218ac6a57cfe854927e9d04c19825eddeb"

inflight@^1.0.4:
  version "1.0.6"
  resolved "https://registry.yarnpkg.com/inflight/-/inflight-1.0.6.tgz#49bd6331d7d02d0c09bc910a1075ba8165b56df9"
  dependencies:
    once "^1.3.0"
    wrappy "1"

inherits@2:
  version "2.0.3"
  resolved "https://registry.yarnpkg.com/inherits/-/inherits-2.0.3.tgz#633c2c83e3da42a502f52466022480f4208261de"

inline-style-prefixer@^3.0.2:
  version "3.0.3"
  resolved "https://registry.yarnpkg.com/inline-style-prefixer/-/inline-style-prefixer-3.0.3.tgz#eca9767080b29a8afcf13299fe6358e1f320bbeb"
  dependencies:
    bowser "^1.6.0"
    css-in-js-utils "^1.0.3"

is-stream@^1.0.1:
  version "1.1.0"
  resolved "https://registry.yarnpkg.com/is-stream/-/is-stream-1.1.0.tgz#12d4a3dd4e68e0b79ceb8dbc84173ae80d91ca44"

isomorphic-fetch@^2.1.1:
  version "2.2.1"
  resolved "https://registry.yarnpkg.com/isomorphic-fetch/-/isomorphic-fetch-2.2.1.tgz#611ae1acf14f5e81f729507472819fe9733558a9"
  dependencies:
    node-fetch "^1.0.1"
    whatwg-fetch ">=0.10.0"

js-tokens@^3.0.0:
  version "3.0.1"
  resolved "https://registry.yarnpkg.com/js-tokens/-/js-tokens-3.0.1.tgz#08e9f132484a2c45a30907e9dc4d5567b7f114d7"

lodash.clone@^4.5.0:
  version "4.5.0"
  resolved "https://registry.yarnpkg.com/lodash.clone/-/lodash.clone-4.5.0.tgz#195870450f5a13192478df4bc3d23d2dea1907b6"

lodash.debounce@^4.0.8:
  version "4.0.8"
  resolved "https://registry.yarnpkg.com/lodash.debounce/-/lodash.debounce-4.0.8.tgz#82d79bff30a67c4005ffd5e2515300ad9ca4d7af"

lodash.foreach@^4.5.0:
  version "4.5.0"
  resolved "https://registry.yarnpkg.com/lodash.foreach/-/lodash.foreach-4.5.0.tgz#1a6a35eace401280c7f06dddec35165ab27e3e53"

lodash.isempty@^4.4.0:
  version "4.4.0"
  resolved "https://registry.yarnpkg.com/lodash.isempty/-/lodash.isempty-4.4.0.tgz#6f86cbedd8be4ec987be9aaf33c9684db1b31e7e"

lodash.isequal@^4.4.0, lodash.isequal@^4.5.0:
  version "4.5.0"
  resolved "https://registry.yarnpkg.com/lodash.isequal/-/lodash.isequal-4.5.0.tgz#415c4478f2bcc30120c22ce10ed3226f7d3e18e0"

lodash.isplainobject@^4.0.6:
  version "4.0.6"
  resolved "https://registry.yarnpkg.com/lodash.isplainobject/-/lodash.isplainobject-4.0.6.tgz#7c526a52d89b45c45cc690b88163be0497f550cb"

lodash.merge@^4.6.0:
  version "4.6.0"
  resolved "https://registry.yarnpkg.com/lodash.merge/-/lodash.merge-4.6.0.tgz#69884ba144ac33fe699737a6086deffadd0f89c5"

lodash.omit@^4.5.0:
  version "4.5.0"
  resolved "https://registry.yarnpkg.com/lodash.omit/-/lodash.omit-4.5.0.tgz#6eb19ae5a1ee1dd9df0b969e66ce0b7fa30b5e60"

lodash@^3.6.0:
  version "3.10.1"
  resolved "https://registry.yarnpkg.com/lodash/-/lodash-3.10.1.tgz#5bf45e8e49ba4189e17d482789dfd15bd140b7b6"

loose-envify@^1.0.0, loose-envify@^1.3.1:
  version "1.3.1"
  resolved "https://registry.yarnpkg.com/loose-envify/-/loose-envify-1.3.1.tgz#d1a8ad33fa9ce0e713d65fdd0ac8b748d478c848"
  dependencies:
    js-tokens "^3.0.0"

minimatch@^3.0.2:
  version "3.0.4"
  resolved "https://registry.yarnpkg.com/minimatch/-/minimatch-3.0.4.tgz#5166e286457f03306064be5497e8dbb0c3d32083"
  dependencies:
    brace-expansion "^1.1.7"

node-fetch@^1.0.1:
  version "1.6.3"
  resolved "https://registry.yarnpkg.com/node-fetch/-/node-fetch-1.6.3.tgz#dc234edd6489982d58e8f0db4f695029abcd8c04"
  dependencies:
    encoding "^0.1.11"
    is-stream "^1.0.1"

object-assign@^4.1.0:
  version "4.1.1"
  resolved "https://registry.yarnpkg.com/object-assign/-/object-assign-4.1.1.tgz#2109adc7965887cfc05cbbd442cac8bfbb360863"

once@^1.3.0:
  version "1.4.0"
  resolved "https://registry.yarnpkg.com/once/-/once-1.4.0.tgz#583b1aa775961d4b113ac17d9c50baef9dd76bd1"
  dependencies:
    wrappy "1"

path-is-absolute@^1.0.0:
  version "1.0.1"
  resolved "https://registry.yarnpkg.com/path-is-absolute/-/path-is-absolute-1.0.1.tgz#174b9268735534ffbc7ace6bf53a5a9e1b5c5f5f"

promise@^7.1.1:
  version "7.1.1"
  resolved "https://registry.yarnpkg.com/promise/-/promise-7.1.1.tgz#489654c692616b8aa55b0724fa809bb7db49c5bf"
  dependencies:
    asap "~2.0.3"

prop-types@^15.5.4, prop-types@^15.5.8:
  version "15.5.10"
  resolved "https://registry.yarnpkg.com/prop-types/-/prop-types-15.5.10.tgz#2797dfc3126182e3a95e3dfbb2e893ddd7456154"
  dependencies:
    fbjs "^0.8.9"
    loose-envify "^1.3.1"

react-codemirror@^0.3.0:
  version "0.3.0"
  resolved "https://registry.yarnpkg.com/react-codemirror/-/react-codemirror-0.3.0.tgz#cd6bd6ef458ec1e035cfd8b3fe7b30c8c7883c6c"
  dependencies:
    classnames "^2.2.5"
    codemirror "^5.18.2"
    lodash.debounce "^4.0.8"

react-component-playground@^2.0.0-beta.12:
  version "2.0.0-beta.12"
  resolved "https://registry.yarnpkg.com/react-component-playground/-/react-component-playground-2.0.0-beta.12.tgz#76f2afa91c6ba998806632e48f40d9a5d7e0f853"
  dependencies:
    classnames "^2.2.5"
    codemirror "^5.18.2"
    fuzzaldrin-plus "^0.3.1"
    lodash "^3.6.0"
    lodash.isequal "^4.5.0"
    react-codemirror "^0.3.0"
    react-component-tree "^2.0.0-beta.11"
    react-cosmos-utils "^2.0.0-beta.11"
    react-querystring-router "^2.0.0-beta.11"
    react-split-pane "^0.1.61"

react-component-tree@^2.0.0-beta.11:
  version "2.0.0-beta.11"
  resolved "https://registry.yarnpkg.com/react-component-tree/-/react-component-tree-2.0.0-beta.11.tgz#6122f4e6f510eb1b2de5207b3bb901615bc9e4f4"
  dependencies:
    lodash.clone "^4.5.0"
    lodash.foreach "^4.5.0"
    lodash.isempty "^4.4.0"
    lodash.omit "^4.5.0"

react-cosmos-config@^2.0.0-beta.11:
  version "2.0.0-beta.11"
  resolved "https://registry.yarnpkg.com/react-cosmos-config/-/react-cosmos-config-2.0.0-beta.11.tgz#919a79a9d21407fd1894fbf1fa3177469d8472ed"
  dependencies:
    react-cosmos-utils "^2.0.0-beta.11"
    resolve-from "^2.0.0"
    slash "^1.0.0"

react-cosmos-utils@^2.0.0-beta.11:
  version "2.0.0-beta.11"
  resolved "https://registry.yarnpkg.com/react-cosmos-utils/-/react-cosmos-utils-2.0.0-beta.11.tgz#587b3bc76a67c0035a4c772119cd580b5609c884"
  dependencies:
    lodash.isplainobject "^4.0.6"

react-cosmos-voyager@^2.0.0-beta.11:
  version "2.0.0-beta.11"
  resolved "https://registry.yarnpkg.com/react-cosmos-voyager/-/react-cosmos-voyager-2.0.0-beta.11.tgz#e912c48a30523f7d7dd1567c632f6c0e7027350b"
  dependencies:
    glob "^7.1.1"

react-cosmos@^2.0.0-beta.12:
  version "2.0.0-beta.12"
  resolved "https://registry.yarnpkg.com/react-cosmos/-/react-cosmos-2.0.0-beta.12.tgz#47be9829d2abaca5bc24b351db72b9f0c0fcf277"
  dependencies:
    lodash.isequal "^4.4.0"
    lodash.merge "^4.6.0"
    lodash.omit "^4.5.0"
    react-component-playground "^2.0.0-beta.12"
    react-component-tree "^2.0.0-beta.11"
    react-cosmos-utils "^2.0.0-beta.11"
    react-querystring-router "^2.0.0-beta.11"

react-querystring-router@^2.0.0-beta.11:
  version "2.0.0-beta.11"
  resolved "https://registry.yarnpkg.com/react-querystring-router/-/react-querystring-router-2.0.0-beta.11.tgz#6c9a20835d0927e035ce453a5c8c88dd4cf1ea4d"

react-split-pane@^0.1.61:
  version "0.1.63"
  resolved "https://registry.yarnpkg.com/react-split-pane/-/react-split-pane-0.1.63.tgz#fadb3960cc659911dd05ffbc88acee4be9f53583"
  dependencies:
    inline-style-prefixer "^3.0.2"
    prop-types "^15.5.8"
    react-style-proptype "^3.0.0"

react-style-proptype@^3.0.0:
  version "3.0.0"
  resolved "https://registry.yarnpkg.com/react-style-proptype/-/react-style-proptype-3.0.0.tgz#89e0b646f266c656abb0f0dd8202dbd5036c31e6"
  dependencies:
    prop-types "^15.5.4"

react-test-renderer@^15.4.2:
  version "15.5.4"
  resolved "https://registry.yarnpkg.com/react-test-renderer/-/react-test-renderer-15.5.4.tgz#d4ebb23f613d685ea8f5390109c2d20fbf7c83bc"
  dependencies:
    fbjs "^0.8.9"
    object-assign "^4.1.0"

resolve-from@^2.0.0:
  version "2.0.0"
  resolved "https://registry.yarnpkg.com/resolve-from/-/resolve-from-2.0.0.tgz#9480ab20e94ffa1d9e80a804c7ea147611966b57"

setimmediate@^1.0.5:
  version "1.0.5"
  resolved "https://registry.yarnpkg.com/setimmediate/-/setimmediate-1.0.5.tgz#290cbb232e306942d7d7ea9b83732ab7856f8285"

slash@^1.0.0:
  version "1.0.0"
  resolved "https://registry.yarnpkg.com/slash/-/slash-1.0.0.tgz#c41f2f6c39fc16d1cd17ad4b5d896114ae470d55"

ua-parser-js@^0.7.9:
  version "0.7.12"
  resolved "https://registry.yarnpkg.com/ua-parser-js/-/ua-parser-js-0.7.12.tgz#04c81a99bdd5dc52263ea29d24c6bf8d4818a4bb"

whatwg-fetch@>=0.10.0:
  version "2.0.3"
  resolved "https://registry.yarnpkg.com/whatwg-fetch/-/whatwg-fetch-2.0.3.tgz#9c84ec2dcf68187ff00bc64e1274b442176e1c84"

wrappy@1:
  version "1.0.2"
  resolved "https://registry.yarnpkg.com/wrappy/-/wrappy-1.0.2.tgz#b5243d8f3ec1aa35f1364605bc0d1036e30ab69f"
