# THIS IS AN AUTOGENERATED FILE. DO NOT EDIT THIS FILE DIRECTLY.
# yarn lockfile v1


encoding@^0.1.11:
  version "0.1.12"
  resolved "https://registry.yarnpkg.com/encoding/-/encoding-0.1.12.tgz#538b66f3ee62cd1ab51ec323829d1f9480c74beb"
  dependencies:
    iconv-lite "~0.4.13"

fetch-mock@^5.12.2:
  version "5.12.2"
  resolved "https://registry.yarnpkg.com/fetch-mock/-/fetch-mock-5.12.2.tgz#07fde6b71f718328b4ce9b81c82a7c11c05d9748"
  dependencies:
    glob-to-regexp "^0.3.0"
    node-fetch "^1.3.3"
    path-to-regexp "^1.7.0"

glob-to-regexp@^0.3.0:
  version "0.3.0"
  resolved "https://registry.yarnpkg.com/glob-to-regexp/-/glob-to-regexp-0.3.0.tgz#8c5a1494d2066c570cc3bfe4496175acc4d502ab"

iconv-lite@~0.4.13:
  version "0.4.18"
  resolved "https://registry.yarnpkg.com/iconv-lite/-/iconv-lite-0.4.18.tgz#23d8656b16aae6742ac29732ea8f0336a4789cf2"

is-stream@^1.0.1:
  version "1.1.0"
  resolved "https://registry.yarnpkg.com/is-stream/-/is-stream-1.1.0.tgz#12d4a3dd4e68e0b79ceb8dbc84173ae80d91ca44"

isarray@0.0.1:
  version "0.0.1"
  resolved "https://registry.yarnpkg.com/isarray/-/isarray-0.0.1.tgz#8a18acfca9a8f4177e09abfc6038939b05d1eedf"

node-fetch@^1.3.3:
  version "1.7.2"
  resolved "https://registry.yarnpkg.com/node-fetch/-/node-fetch-1.7.2.tgz#c54e9aac57e432875233525f3c891c4159ffefd7"
  dependencies:
    encoding "^0.1.11"
    is-stream "^1.0.1"

path-to-regexp@^1.7.0:
  version "1.7.0"
  resolved "https://registry.yarnpkg.com/path-to-regexp/-/path-to-regexp-1.7.0.tgz#59fde0f435badacba103a84e9d3bc64e96b9937d"
  dependencies:
    isarray "0.0.1"
