# THIS IS AN AUTOGENERATED FILE. DO NOT EDIT THIS FILE DIRECTLY.
# yarn lockfile v1


lodash.clone@^4.5.0:
  version "4.5.0"
  resolved "https://registry.yarnpkg.com/lodash.clone/-/lodash.clone-4.5.0.tgz#195870450f5a13192478df4bc3d23d2dea1907b6"

lodash.foreach@^4.5.0:
  version "4.5.0"
  resolved "https://registry.yarnpkg.com/lodash.foreach/-/lodash.foreach-4.5.0.tgz#1a6a35eace401280c7f06dddec35165ab27e3e53"

lodash.isempty@^4.4.0:
  version "4.4.0"
  resolved "https://registry.yarnpkg.com/lodash.isempty/-/lodash.isempty-4.4.0.tgz#6f86cbedd8be4ec987be9aaf33c9684db1b31e7e"

lodash.omit@^4.5.0:
  version "4.5.0"
  resolved "https://registry.yarnpkg.com/lodash.omit/-/lodash.omit-4.5.0.tgz#6eb19ae5a1ee1dd9df0b969e66ce0b7fa30b5e60"
